// !$*UTF8*$!
{
	archiveVersion = 1;
	classes = {
	};
	objectVersion = 55;
	objects = {

/* Begin PBXBuildFile section */
		0738A28E26C1FDDE00DD34CE /* PagingViewPlayground.swift in Sources */ = {isa = PBXBuildFile; fileRef = 0738A28D26C1FDDE00DD34CE /* PagingViewPlayground.swift */; };
		0738A29026C1FFE600DD34CE /* TabContainerContentView.swift in Sources */ = {isa = PBXBuildFile; fileRef = 0738A28F26C1FFE600DD34CE /* TabContainerContentView.swift */; };
		073AC07026BF065000ABA7CD /* SpotifyPlayground.swift in Sources */ = {isa = PBXBuildFile; fileRef = 073AC06F26BF065000ABA7CD /* SpotifyPlayground.swift */; };
		074516BE26AB8FF800D7C54E /* MusicManager.swift in Sources */ = {isa = PBXBuildFile; fileRef = 074516BD26AB8FF800D7C54E /* MusicManager.swift */; };
		0746D4B52693E0E800B77F9E /* Chicago-Regular.ttf in Resources */ = {isa = PBXBuildFile; fileRef = 0746D4B42693E0E800B77F9E /* Chicago-Regular.ttf */; };
		0746D4B72693E17B00B77F9E /* FontTest.swift in Sources */ = {isa = PBXBuildFile; fileRef = 0746D4B62693E17B00B77F9E /* FontTest.swift */; };
		0746D4B92693E53600B77F9E /* Battery.swift in Sources */ = {isa = PBXBuildFile; fileRef = 0746D4B82693E53600B77F9E /* Battery.swift */; };
		075C6C4B26AC5DBE002C4C25 /* SongList.swift in Sources */ = {isa = PBXBuildFile; fileRef = 075C6C4A26AC5DBE002C4C25 /* SongList.swift */; };
		075C6C4D26AC5E3D002C4C25 /* SongState.swift in Sources */ = {isa = PBXBuildFile; fileRef = 075C6C4C26AC5E3D002C4C25 /* SongState.swift */; };
		076905A726A709EA007568F4 /* iPodTestAppApp.swift in Sources */ = {isa = PBXBuildFile; fileRef = 076905A626A709EA007568F4 /* iPodTestAppApp.swift */; };
		076905AA26A7146B007568F4 /* AppState.swift in Sources */ = {isa = PBXBuildFile; fileRef = 076905A926A7146B007568F4 /* AppState.swift */; };
		076905AC26A714B9007568F4 /* LocalState.swift in Sources */ = {isa = PBXBuildFile; fileRef = 076905AB26A714B9007568F4 /* LocalState.swift */; };
		076905AF26A71574007568F4 /* MenuState.swift in Sources */ = {isa = PBXBuildFile; fileRef = 076905AE26A71574007568F4 /* MenuState.swift */; };
		076905B126A71591007568F4 /* MusicState.swift in Sources */ = {isa = PBXBuildFile; fileRef = 076905B026A71591007568F4 /* MusicState.swift */; };
		076905B326A715C4007568F4 /* RowItem.swift in Sources */ = {isa = PBXBuildFile; fileRef = 076905B226A715C4007568F4 /* RowItem.swift */; };
		07AEAF3926B0EE7900600F99 /* key_press_click.m4a in Resources */ = {isa = PBXBuildFile; fileRef = 07AEAF3826B0EDB800600F99 /* key_press_click.m4a */; };
		07B4D60726A5B992002D7ADA /* Arrow.swift in Sources */ = {isa = PBXBuildFile; fileRef = 07B4D60626A5B992002D7ADA /* Arrow.swift */; };
		07B4D60926A5C0BD002D7ADA /* Theme.swift in Sources */ = {isa = PBXBuildFile; fileRef = 07B4D60826A5C0BD002D7ADA /* Theme.swift */; };
		07BE4C2026BF14C0003DAB64 /* Device.swift in Sources */ = {isa = PBXBuildFile; fileRef = 07BE4C1F26BF14C0003DAB64 /* Device.swift */; };
		07C103A42693F6050076C5B4 /* iPodCase.swift in Sources */ = {isa = PBXBuildFile; fileRef = 07C103A32693F6050076C5B4 /* iPodCase.swift */; };
		07C2594326B3869D0037E303 /* Border.swift in Sources */ = {isa = PBXBuildFile; fileRef = 07C2594226B3869C0037E303 /* Border.swift */; };
		07C3EB2826B4A62F002120AA /* Diamond.swift in Sources */ = {isa = PBXBuildFile; fileRef = 07C3EB2726B4A62F002120AA /* Diamond.swift */; };
		07C50F0726BB596B000655F1 /* Bell.swift in Sources */ = {isa = PBXBuildFile; fileRef = 07C50F0626BB596B000655F1 /* Bell.swift */; };
		07C50F1426BBA59A000655F1 /* Stem.swift in Sources */ = {isa = PBXBuildFile; fileRef = 07C50F1326BBA59A000655F1 /* Stem.swift */; };
		07CA318526CA9CDB00EBB747 /* SpotifyManager.swift in Sources */ = {isa = PBXBuildFile; fileRef = 07CA318426CA9CDB00EBB747 /* SpotifyManager.swift */; };
		07CC1E4026C36E2600774A2C /* Mini.swift in Sources */ = {isa = PBXBuildFile; fileRef = 07CC1E3F26C36E2600774A2C /* Mini.swift */; };
		07CD01B426A7811700416F32 /* QueryState.swift in Sources */ = {isa = PBXBuildFile; fileRef = 07CD01B326A7811700416F32 /* QueryState.swift */; };
		07CD01B626A8547900416F32 /* SettingsState.swift in Sources */ = {isa = PBXBuildFile; fileRef = 07CD01B526A8547900416F32 /* SettingsState.swift */; };
		07CD01B826A857CC00416F32 /* NowPlaying.swift in Sources */ = {isa = PBXBuildFile; fileRef = 07CD01B726A857CC00416F32 /* NowPlaying.swift */; };
		07CD01BA26A85D3800416F32 /* NowPlayingState.swift in Sources */ = {isa = PBXBuildFile; fileRef = 07CD01B926A85D3800416F32 /* NowPlayingState.swift */; };
		07CD01BE26A8610300416F32 /* MusicList.swift in Sources */ = {isa = PBXBuildFile; fileRef = 07CD01BD26A8610300416F32 /* MusicList.swift */; };
		07CD01C026A8613F00416F32 /* SettingsList.swift in Sources */ = {isa = PBXBuildFile; fileRef = 07CD01BF26A8613F00416F32 /* SettingsList.swift */; };
		07CD01C226A8619200416F32 /* QueryList.swift in Sources */ = {isa = PBXBuildFile; fileRef = 07CD01C126A8619200416F32 /* QueryList.swift */; };
		07CD01C426A861BD00416F32 /* MenuList.swift in Sources */ = {isa = PBXBuildFile; fileRef = 07CD01C326A861BD00416F32 /* MenuList.swift */; };
		07CF1897268FC8E800C43932 /* ContentView.swift in Sources */ = {isa = PBXBuildFile; fileRef = 07CF1896268FC8E800C43932 /* ContentView.swift */; };
		07CF1899268FC8E900C43932 /* Assets.xcassets in Resources */ = {isa = PBXBuildFile; fileRef = 07CF1898268FC8E900C43932 /* Assets.xcassets */; };
		07CF189C268FC8E900C43932 /* Preview Assets.xcassets in Resources */ = {isa = PBXBuildFile; fileRef = 07CF189B268FC8E900C43932 /* Preview Assets.xcassets */; };
		07CF18A6268FC8E900C43932 /* iPodTestAppTests.swift in Sources */ = {isa = PBXBuildFile; fileRef = 07CF18A5268FC8E900C43932 /* iPodTestAppTests.swift */; };
		07CF18B0268FC8E900C43932 /* iPodTestAppUITests.swift in Sources */ = {isa = PBXBuildFile; fileRef = 07CF18AF268FC8E900C43932 /* iPodTestAppUITests.swift */; };
		07CF18C0268FD45400C43932 /* TopMenuBar.swift in Sources */ = {isa = PBXBuildFile; fileRef = 07CF18BF268FD45400C43932 /* TopMenuBar.swift */; };
		07D3080126AE0D9A00321BDA /* PlaybackBar.swift in Sources */ = {isa = PBXBuildFile; fileRef = 07D3080026AE0D9A00321BDA /* PlaybackBar.swift */; };
		07D6399B269406DC0073E1AD /* GlowText.swift in Sources */ = {isa = PBXBuildFile; fileRef = 07D6399A269406DC0073E1AD /* GlowText.swift */; };
		07E3A0362691E5050081C737 /* CGPoint+Conversion.swift in Sources */ = {isa = PBXBuildFile; fileRef = 07E3A0352691E5050081C737 /* CGPoint+Conversion.swift */; };
		07E3A0382691E52D0081C737 /* SpinnableViewModifier.swift in Sources */ = {isa = PBXBuildFile; fileRef = 07E3A0372691E52D0081C737 /* SpinnableViewModifier.swift */; };
		07E3A03A2691E5590081C737 /* Rotation.swift in Sources */ = {isa = PBXBuildFile; fileRef = 07E3A0392691E5590081C737 /* Rotation.swift */; };
		07E3A03D269373FB0081C737 /* Screen.swift in Sources */ = {isa = PBXBuildFile; fileRef = 07E3A03C269373FB0081C737 /* Screen.swift */; };
		07E3A040269393D30081C737 /* MusicKit.framework in Frameworks */ = {isa = PBXBuildFile; fileRef = 07E3A03F269393D30081C737 /* MusicKit.framework */; };
		07E3A044269395970081C737 /* ControlButton.swift in Sources */ = {isa = PBXBuildFile; fileRef = 07E3A043269395970081C737 /* ControlButton.swift */; };
		07E3A046269397C80081C737 /* ControlBar.swift in Sources */ = {isa = PBXBuildFile; fileRef = 07E3A045269397C80081C737 /* ControlBar.swift */; };
		07E3A048269398A10081C737 /* MenuCell.swift in Sources */ = {isa = PBXBuildFile; fileRef = 07E3A047269398A10081C737 /* MenuCell.swift */; };
		07E3A04A269399740081C737 /* Wheel.swift in Sources */ = {isa = PBXBuildFile; fileRef = 07E3A049269399740081C737 /* Wheel.swift */; };
		07E3A04C26939A680081C737 /* MusicView.swift in Sources */ = {isa = PBXBuildFile; fileRef = 07E3A04B26939A680081C737 /* MusicView.swift */; };
		07E3A04E26939ACE0081C737 /* Ring.swift in Sources */ = {isa = PBXBuildFile; fileRef = 07E3A04D26939ACE0081C737 /* Ring.swift */; };
		07E3A0542693D34E0081C737 /* Neumorphic in Frameworks */ = {isa = PBXBuildFile; productRef = 07E3A0532693D34E0081C737 /* Neumorphic */; };
		07E3A0562693D5B20081C737 /* NeoView.swift in Sources */ = {isa = PBXBuildFile; fileRef = 07E3A0552693D5B20081C737 /* NeoView.swift */; };
		07EB155C26B0C5F4009595E5 /* ArtistList.swift in Sources */ = {isa = PBXBuildFile; fileRef = 07EB155B26B0C5F4009595E5 /* ArtistList.swift */; };
		07EB155E26B0C600009595E5 /* ArtistState.swift in Sources */ = {isa = PBXBuildFile; fileRef = 07EB155D26B0C600009595E5 /* ArtistState.swift */; };
		07EB156026B0D109009595E5 /* AlbumList.swift in Sources */ = {isa = PBXBuildFile; fileRef = 07EB155F26B0D109009595E5 /* AlbumList.swift */; };
		07EB156226B0D112009595E5 /* AlbumState.swift in Sources */ = {isa = PBXBuildFile; fileRef = 07EB156126B0D112009595E5 /* AlbumState.swift */; };
/* End PBXBuildFile section */

/* Begin PBXContainerItemProxy section */
		07CF18A2268FC8E900C43932 /* PBXContainerItemProxy */ = {
			isa = PBXContainerItemProxy;
			containerPortal = 07CF1889268FC8E800C43932 /* Project object */;
			proxyType = 1;
			remoteGlobalIDString = 07CF1890268FC8E800C43932;
			remoteInfo = iPodTestApp;
		};
		07CF18AC268FC8E900C43932 /* PBXContainerItemProxy */ = {
			isa = PBXContainerItemProxy;
			containerPortal = 07CF1889268FC8E800C43932 /* Project object */;
			proxyType = 1;
			remoteGlobalIDString = 07CF1890268FC8E800C43932;
			remoteInfo = iPodTestApp;
		};
/* End PBXContainerItemProxy section */

/* Begin PBXFileReference section */
		0738A28D26C1FDDE00DD34CE /* PagingViewPlayground.swift */ = {isa = PBXFileReference; lastKnownFileType = sourcecode.swift; path = PagingViewPlayground.swift; sourceTree = "<group>"; };
		0738A28F26C1FFE600DD34CE /* TabContainerContentView.swift */ = {isa = PBXFileReference; lastKnownFileType = sourcecode.swift; path = TabContainerContentView.swift; sourceTree = "<group>"; };
		073AC06F26BF065000ABA7CD /* SpotifyPlayground.swift */ = {isa = PBXFileReference; lastKnownFileType = sourcecode.swift; path = SpotifyPlayground.swift; sourceTree = "<group>"; };
		074516BD26AB8FF800D7C54E /* MusicManager.swift */ = {isa = PBXFileReference; lastKnownFileType = sourcecode.swift; path = MusicManager.swift; sourceTree = "<group>"; };
		0746D4B42693E0E800B77F9E /* Chicago-Regular.ttf */ = {isa = PBXFileReference; lastKnownFileType = file; path = "Chicago-Regular.ttf"; sourceTree = "<group>"; };
		0746D4B62693E17B00B77F9E /* FontTest.swift */ = {isa = PBXFileReference; lastKnownFileType = sourcecode.swift; path = FontTest.swift; sourceTree = "<group>"; };
		0746D4B82693E53600B77F9E /* Battery.swift */ = {isa = PBXFileReference; lastKnownFileType = sourcecode.swift; path = Battery.swift; sourceTree = "<group>"; };
		075C6C4A26AC5DBE002C4C25 /* SongList.swift */ = {isa = PBXFileReference; lastKnownFileType = sourcecode.swift; path = SongList.swift; sourceTree = "<group>"; };
		075C6C4C26AC5E3D002C4C25 /* SongState.swift */ = {isa = PBXFileReference; lastKnownFileType = sourcecode.swift; path = SongState.swift; sourceTree = "<group>"; };
		076905A626A709EA007568F4 /* iPodTestAppApp.swift */ = {isa = PBXFileReference; fileEncoding = 4; lastKnownFileType = sourcecode.swift; path = iPodTestAppApp.swift; sourceTree = "<group>"; };
		076905A926A7146B007568F4 /* AppState.swift */ = {isa = PBXFileReference; lastKnownFileType = sourcecode.swift; path = AppState.swift; sourceTree = "<group>"; };
		076905AB26A714B9007568F4 /* LocalState.swift */ = {isa = PBXFileReference; lastKnownFileType = sourcecode.swift; path = LocalState.swift; sourceTree = "<group>"; };
		076905AE26A71574007568F4 /* MenuState.swift */ = {isa = PBXFileReference; lastKnownFileType = sourcecode.swift; path = MenuState.swift; sourceTree = "<group>"; };
		076905B026A71591007568F4 /* MusicState.swift */ = {isa = PBXFileReference; lastKnownFileType = sourcecode.swift; path = MusicState.swift; sourceTree = "<group>"; };
		076905B226A715C4007568F4 /* RowItem.swift */ = {isa = PBXFileReference; lastKnownFileType = sourcecode.swift; path = RowItem.swift; sourceTree = "<group>"; };
		07AEAF3826B0EDB800600F99 /* key_press_click.m4a */ = {isa = PBXFileReference; lastKnownFileType = file; path = key_press_click.m4a; sourceTree = "<group>"; };
		07B4D60626A5B992002D7ADA /* Arrow.swift */ = {isa = PBXFileReference; lastKnownFileType = sourcecode.swift; path = Arrow.swift; sourceTree = "<group>"; };
		07B4D60826A5C0BD002D7ADA /* Theme.swift */ = {isa = PBXFileReference; lastKnownFileType = sourcecode.swift; path = Theme.swift; sourceTree = "<group>"; };
		07BE4C1F26BF14C0003DAB64 /* Device.swift */ = {isa = PBXFileReference; lastKnownFileType = sourcecode.swift; path = Device.swift; sourceTree = "<group>"; };
		07C103A32693F6050076C5B4 /* iPodCase.swift */ = {isa = PBXFileReference; lastKnownFileType = sourcecode.swift; path = iPodCase.swift; sourceTree = "<group>"; };
		07C2594226B3869C0037E303 /* Border.swift */ = {isa = PBXFileReference; lastKnownFileType = sourcecode.swift; path = Border.swift; sourceTree = "<group>"; };
		07C3EB2726B4A62F002120AA /* Diamond.swift */ = {isa = PBXFileReference; lastKnownFileType = sourcecode.swift; path = Diamond.swift; sourceTree = "<group>"; };
		07C50F0626BB596B000655F1 /* Bell.swift */ = {isa = PBXFileReference; lastKnownFileType = sourcecode.swift; path = Bell.swift; sourceTree = "<group>"; };
		07C50F1326BBA59A000655F1 /* Stem.swift */ = {isa = PBXFileReference; lastKnownFileType = sourcecode.swift; path = Stem.swift; sourceTree = "<group>"; };
		07CA318026CA9C1D00EBB747 /* iPodTestApp-Bridging-Header.h */ = {isa = PBXFileReference; lastKnownFileType = sourcecode.c.h; path = "iPodTestApp-Bridging-Header.h"; sourceTree = "<group>"; };
		07CA318426CA9CDB00EBB747 /* SpotifyManager.swift */ = {isa = PBXFileReference; lastKnownFileType = sourcecode.swift; path = SpotifyManager.swift; sourceTree = "<group>"; };
		07CC1E3F26C36E2600774A2C /* Mini.swift */ = {isa = PBXFileReference; lastKnownFileType = sourcecode.swift; path = Mini.swift; sourceTree = "<group>"; };
		07CD01B326A7811700416F32 /* QueryState.swift */ = {isa = PBXFileReference; lastKnownFileType = sourcecode.swift; path = QueryState.swift; sourceTree = "<group>"; };
		07CD01B526A8547900416F32 /* SettingsState.swift */ = {isa = PBXFileReference; lastKnownFileType = sourcecode.swift; path = SettingsState.swift; sourceTree = "<group>"; };
		07CD01B726A857CC00416F32 /* NowPlaying.swift */ = {isa = PBXFileReference; lastKnownFileType = sourcecode.swift; path = NowPlaying.swift; sourceTree = "<group>"; };
		07CD01B926A85D3800416F32 /* NowPlayingState.swift */ = {isa = PBXFileReference; lastKnownFileType = sourcecode.swift; path = NowPlayingState.swift; sourceTree = "<group>"; };
		07CD01BD26A8610300416F32 /* MusicList.swift */ = {isa = PBXFileReference; lastKnownFileType = sourcecode.swift; path = MusicList.swift; sourceTree = "<group>"; };
		07CD01BF26A8613F00416F32 /* SettingsList.swift */ = {isa = PBXFileReference; lastKnownFileType = sourcecode.swift; path = SettingsList.swift; sourceTree = "<group>"; };
		07CD01C126A8619200416F32 /* QueryList.swift */ = {isa = PBXFileReference; lastKnownFileType = sourcecode.swift; path = QueryList.swift; sourceTree = "<group>"; };
		07CD01C326A861BD00416F32 /* MenuList.swift */ = {isa = PBXFileReference; lastKnownFileType = sourcecode.swift; path = MenuList.swift; sourceTree = "<group>"; };
		07CF1891268FC8E800C43932 /* iPodTestApp.app */ = {isa = PBXFileReference; explicitFileType = wrapper.application; includeInIndex = 0; path = iPodTestApp.app; sourceTree = BUILT_PRODUCTS_DIR; };
		07CF1896268FC8E800C43932 /* ContentView.swift */ = {isa = PBXFileReference; lastKnownFileType = sourcecode.swift; path = ContentView.swift; sourceTree = "<group>"; };
		07CF1898268FC8E900C43932 /* Assets.xcassets */ = {isa = PBXFileReference; lastKnownFileType = folder.assetcatalog; path = Assets.xcassets; sourceTree = "<group>"; };
		07CF189B268FC8E900C43932 /* Preview Assets.xcassets */ = {isa = PBXFileReference; lastKnownFileType = folder.assetcatalog; path = "Preview Assets.xcassets"; sourceTree = "<group>"; };
		07CF18A1268FC8E900C43932 /* iPodTestAppTests.xctest */ = {isa = PBXFileReference; explicitFileType = wrapper.cfbundle; includeInIndex = 0; path = iPodTestAppTests.xctest; sourceTree = BUILT_PRODUCTS_DIR; };
		07CF18A5268FC8E900C43932 /* iPodTestAppTests.swift */ = {isa = PBXFileReference; lastKnownFileType = sourcecode.swift; path = iPodTestAppTests.swift; sourceTree = "<group>"; };
		07CF18AB268FC8E900C43932 /* iPodTestAppUITests.xctest */ = {isa = PBXFileReference; explicitFileType = wrapper.cfbundle; includeInIndex = 0; path = iPodTestAppUITests.xctest; sourceTree = BUILT_PRODUCTS_DIR; };
		07CF18AF268FC8E900C43932 /* iPodTestAppUITests.swift */ = {isa = PBXFileReference; lastKnownFileType = sourcecode.swift; path = iPodTestAppUITests.swift; sourceTree = "<group>"; };
		07CF18BF268FD45400C43932 /* TopMenuBar.swift */ = {isa = PBXFileReference; lastKnownFileType = sourcecode.swift; path = TopMenuBar.swift; sourceTree = "<group>"; };
		07D307FF26AE0A0200321BDA /* key_press_click.caf */ = {isa = PBXFileReference; lastKnownFileType = file; path = key_press_click.caf; sourceTree = "<group>"; };
		07D3080026AE0D9A00321BDA /* PlaybackBar.swift */ = {isa = PBXFileReference; lastKnownFileType = sourcecode.swift; path = PlaybackBar.swift; sourceTree = "<group>"; };
		07D6399A269406DC0073E1AD /* GlowText.swift */ = {isa = PBXFileReference; lastKnownFileType = sourcecode.swift; path = GlowText.swift; sourceTree = "<group>"; };
		07E3A0352691E5050081C737 /* CGPoint+Conversion.swift */ = {isa = PBXFileReference; lastKnownFileType = sourcecode.swift; path = "CGPoint+Conversion.swift"; sourceTree = "<group>"; };
		07E3A0372691E52D0081C737 /* SpinnableViewModifier.swift */ = {isa = PBXFileReference; lastKnownFileType = sourcecode.swift; path = SpinnableViewModifier.swift; sourceTree = "<group>"; };
		07E3A0392691E5590081C737 /* Rotation.swift */ = {isa = PBXFileReference; lastKnownFileType = sourcecode.swift; path = Rotation.swift; sourceTree = "<group>"; };
		07E3A03B2692015D0081C737 /* Info.plist */ = {isa = PBXFileReference; lastKnownFileType = text.plist; path = Info.plist; sourceTree = "<group>"; };
		07E3A03C269373FB0081C737 /* Screen.swift */ = {isa = PBXFileReference; lastKnownFileType = sourcecode.swift; path = Screen.swift; sourceTree = "<group>"; };
		07E3A03E269392E00081C737 /* iPodTestApp.entitlements */ = {isa = PBXFileReference; lastKnownFileType = text.plist.entitlements; path = iPodTestApp.entitlements; sourceTree = "<group>"; };
		07E3A03F269393D30081C737 /* MusicKit.framework */ = {isa = PBXFileReference; lastKnownFileType = wrapper.framework; name = MusicKit.framework; path = Platforms/MacOSX.platform/Developer/SDKs/MacOSX12.0.sdk/System/Library/Frameworks/MusicKit.framework; sourceTree = DEVELOPER_DIR; };
		07E3A043269395970081C737 /* ControlButton.swift */ = {isa = PBXFileReference; lastKnownFileType = sourcecode.swift; path = ControlButton.swift; sourceTree = "<group>"; };
		07E3A045269397C80081C737 /* ControlBar.swift */ = {isa = PBXFileReference; lastKnownFileType = sourcecode.swift; path = ControlBar.swift; sourceTree = "<group>"; };
		07E3A047269398A10081C737 /* MenuCell.swift */ = {isa = PBXFileReference; lastKnownFileType = sourcecode.swift; path = MenuCell.swift; sourceTree = "<group>"; };
		07E3A049269399740081C737 /* Wheel.swift */ = {isa = PBXFileReference; lastKnownFileType = sourcecode.swift; path = Wheel.swift; sourceTree = "<group>"; };
		07E3A04B26939A680081C737 /* MusicView.swift */ = {isa = PBXFileReference; lastKnownFileType = sourcecode.swift; path = MusicView.swift; sourceTree = "<group>"; };
		07E3A04D26939ACE0081C737 /* Ring.swift */ = {isa = PBXFileReference; lastKnownFileType = sourcecode.swift; path = Ring.swift; sourceTree = "<group>"; };
		07E3A0552693D5B20081C737 /* NeoView.swift */ = {isa = PBXFileReference; lastKnownFileType = sourcecode.swift; path = NeoView.swift; sourceTree = "<group>"; };
		07EB155B26B0C5F4009595E5 /* ArtistList.swift */ = {isa = PBXFileReference; lastKnownFileType = sourcecode.swift; path = ArtistList.swift; sourceTree = "<group>"; };
		07EB155D26B0C600009595E5 /* ArtistState.swift */ = {isa = PBXFileReference; lastKnownFileType = sourcecode.swift; path = ArtistState.swift; sourceTree = "<group>"; };
		07EB155F26B0D109009595E5 /* AlbumList.swift */ = {isa = PBXFileReference; lastKnownFileType = sourcecode.swift; path = AlbumList.swift; sourceTree = "<group>"; };
		07EB156126B0D112009595E5 /* AlbumState.swift */ = {isa = PBXFileReference; lastKnownFileType = sourcecode.swift; path = AlbumState.swift; sourceTree = "<group>"; };
		07F99D122693EDA6007840DF /* MediaPlayer.framework */ = {isa = PBXFileReference; lastKnownFileType = wrapper.framework; name = MediaPlayer.framework; path = System/Library/Frameworks/MediaPlayer.framework; sourceTree = SDKROOT; };
/* End PBXFileReference section */

/* Begin PBXFrameworksBuildPhase section */
		07CF188E268FC8E800C43932 /* Frameworks */ = {
			isa = PBXFrameworksBuildPhase;
			buildActionMask = 2147483647;
			files = (
				07E3A0542693D34E0081C737 /* Neumorphic in Frameworks */,
				07E3A040269393D30081C737 /* MusicKit.framework in Frameworks */,
			);
			runOnlyForDeploymentPostprocessing = 0;
		};
		07CF189E268FC8E900C43932 /* Frameworks */ = {
			isa = PBXFrameworksBuildPhase;
			buildActionMask = 2147483647;
			files = (
			);
			runOnlyForDeploymentPostprocessing = 0;
		};
		07CF18A8268FC8E900C43932 /* Frameworks */ = {
			isa = PBXFrameworksBuildPhase;
			buildActionMask = 2147483647;
			files = (
			);
			runOnlyForDeploymentPostprocessing = 0;
		};
/* End PBXFrameworksBuildPhase section */

/* Begin PBXGroup section */
		074516BC26AB8FE500D7C54E /* Music */ = {
			isa = PBXGroup;
			children = (
				07CA318326CA9CC300EBB747 /* Spotify */,
				074516BD26AB8FF800D7C54E /* MusicManager.swift */,
			);
			path = Music;
			sourceTree = "<group>";
		};
		076905A826A7145A007568F4 /* States */ = {
			isa = PBXGroup;
			children = (
				076905A926A7146B007568F4 /* AppState.swift */,
				076905AB26A714B9007568F4 /* LocalState.swift */,
				076905AD26A7155C007568F4 /* Local States */,
			);
			path = States;
			sourceTree = "<group>";
		};
		076905AD26A7155C007568F4 /* Local States */ = {
			isa = PBXGroup;
			children = (
				076905AE26A71574007568F4 /* MenuState.swift */,
				07EB156126B0D112009595E5 /* AlbumState.swift */,
				07EB155D26B0C600009595E5 /* ArtistState.swift */,
				076905B026A71591007568F4 /* MusicState.swift */,
				07CD01B526A8547900416F32 /* SettingsState.swift */,
				07CD01B326A7811700416F32 /* QueryState.swift */,
				075C6C4C26AC5E3D002C4C25 /* SongState.swift */,
				07CD01B926A85D3800416F32 /* NowPlayingState.swift */,
			);
			path = "Local States";
			sourceTree = "<group>";
		};
		076905B426A71607007568F4 /* View Models */ = {
			isa = PBXGroup;
			children = (
				076905B226A715C4007568F4 /* RowItem.swift */,
			);
			path = "View Models";
			sourceTree = "<group>";
		};
		07B4D60526A5B97A002D7ADA /* Shapes */ = {
			isa = PBXGroup;
			children = (
				0746D4B82693E53600B77F9E /* Battery.swift */,
				07B4D60626A5B992002D7ADA /* Arrow.swift */,
				07D3080026AE0D9A00321BDA /* PlaybackBar.swift */,
				07C2594226B3869C0037E303 /* Border.swift */,
				07C3EB2726B4A62F002120AA /* Diamond.swift */,
				07C50F0626BB596B000655F1 /* Bell.swift */,
				07C50F1326BBA59A000655F1 /* Stem.swift */,
				07CC1E3F26C36E2600774A2C /* Mini.swift */,
			);
			path = Shapes;
			sourceTree = "<group>";
		};
		07CA318326CA9CC300EBB747 /* Spotify */ = {
			isa = PBXGroup;
			children = (
				07CA318426CA9CDB00EBB747 /* SpotifyManager.swift */,
			);
			path = Spotify;
			sourceTree = "<group>";
		};
		07CD01BB26A860EF00416F32 /* Views */ = {
			isa = PBXGroup;
			children = (
				07CD01BC26A860F500416F32 /* Lists */,
				07CD01B726A857CC00416F32 /* NowPlaying.swift */,
			);
			path = Views;
			sourceTree = "<group>";
		};
		07CD01BC26A860F500416F32 /* Lists */ = {
			isa = PBXGroup;
			children = (
				07CD01C326A861BD00416F32 /* MenuList.swift */,
				07CD01BD26A8610300416F32 /* MusicList.swift */,
				07CD01C126A8619200416F32 /* QueryList.swift */,
				07EB155B26B0C5F4009595E5 /* ArtistList.swift */,
				07EB155F26B0D109009595E5 /* AlbumList.swift */,
				075C6C4A26AC5DBE002C4C25 /* SongList.swift */,
				07CD01BF26A8613F00416F32 /* SettingsList.swift */,
			);
			path = Lists;
			sourceTree = "<group>";
		};
		07CD01C726A8636900416F32 /* Text */ = {
			isa = PBXGroup;
			children = (
				07D6399A269406DC0073E1AD /* GlowText.swift */,
				0746D4B62693E17B00B77F9E /* FontTest.swift */,
			);
			path = Text;
			sourceTree = "<group>";
		};
		07CD01C826A863E600416F32 /* Playgrounds */ = {
			isa = PBXGroup;
			children = (
				07E3A04B26939A680081C737 /* MusicView.swift */,
				07E3A0552693D5B20081C737 /* NeoView.swift */,
				073AC06F26BF065000ABA7CD /* SpotifyPlayground.swift */,
				0738A28D26C1FDDE00DD34CE /* PagingViewPlayground.swift */,
			);
			path = Playgrounds;
			sourceTree = "<group>";
		};
		07CD01C926A8640100416F32 /* Modules */ = {
			isa = PBXGroup;
			children = (
				07CD01CB26A8646100416F32 /* Screen */,
				07CD01CA26A8640B00416F32 /* Controls */,
				07CD01CC26A8648000416F32 /* Wheel */,
			);
			path = Modules;
			sourceTree = "<group>";
		};
		07CD01CA26A8640B00416F32 /* Controls */ = {
			isa = PBXGroup;
			children = (
				07E3A043269395970081C737 /* ControlButton.swift */,
				07E3A045269397C80081C737 /* ControlBar.swift */,
			);
			path = Controls;
			sourceTree = "<group>";
		};
		07CD01CB26A8646100416F32 /* Screen */ = {
			isa = PBXGroup;
			children = (
				07CF18BF268FD45400C43932 /* TopMenuBar.swift */,
				07E3A03C269373FB0081C737 /* Screen.swift */,
				07E3A047269398A10081C737 /* MenuCell.swift */,
			);
			path = Screen;
			sourceTree = "<group>";
		};
		07CD01CC26A8648000416F32 /* Wheel */ = {
			isa = PBXGroup;
			children = (
				07E3A049269399740081C737 /* Wheel.swift */,
			);
			path = Wheel;
			sourceTree = "<group>";
		};
		07CF1888268FC8E800C43932 = {
			isa = PBXGroup;
			children = (
				07CF1893268FC8E800C43932 /* iPodTestApp */,
				07CF18A4268FC8E900C43932 /* iPodTestAppTests */,
				07CF18AE268FC8E900C43932 /* iPodTestAppUITests */,
				07CF1892268FC8E800C43932 /* Products */,
				07CF18BC268FC93700C43932 /* Frameworks */,
			);
			sourceTree = "<group>";
		};
		07CF1892268FC8E800C43932 /* Products */ = {
			isa = PBXGroup;
			children = (
				07CF1891268FC8E800C43932 /* iPodTestApp.app */,
				07CF18A1268FC8E900C43932 /* iPodTestAppTests.xctest */,
				07CF18AB268FC8E900C43932 /* iPodTestAppUITests.xctest */,
			);
			name = Products;
			sourceTree = "<group>";
		};
		07CF1893268FC8E800C43932 /* iPodTestApp */ = {
			isa = PBXGroup;
			children = (
				07D307FF26AE0A0200321BDA /* key_press_click.caf */,
				07AEAF3826B0EDB800600F99 /* key_press_click.m4a */,
				07E3A03E269392E00081C737 /* iPodTestApp.entitlements */,
				07E3A03B2692015D0081C737 /* Info.plist */,
				076905A626A709EA007568F4 /* iPodTestAppApp.swift */,
				07CF1896268FC8E800C43932 /* ContentView.swift */,
				0738A28F26C1FFE600DD34CE /* TabContainerContentView.swift */,
				07CD01C926A8640100416F32 /* Modules */,
				07CD01BB26A860EF00416F32 /* Views */,
				07CD01C726A8636900416F32 /* Text */,
				076905B426A71607007568F4 /* View Models */,
				076905A826A7145A007568F4 /* States */,
				07B4D60526A5B97A002D7ADA /* Shapes */,
				074516BC26AB8FE500D7C54E /* Music */,
				07B4D60826A5C0BD002D7ADA /* Theme.swift */,
				07C103A32693F6050076C5B4 /* iPodCase.swift */,
				07BE4C1F26BF14C0003DAB64 /* Device.swift */,
				07CD01C826A863E600416F32 /* Playgrounds */,
				0746D4B42693E0E800B77F9E /* Chicago-Regular.ttf */,
				07E3A0512693AE230081C737 /* Stolen Wheel Code */,
				07CF1898268FC8E900C43932 /* Assets.xcassets */,
				07CF189A268FC8E900C43932 /* Preview Content */,
				07CA318026CA9C1D00EBB747 /* iPodTestApp-Bridging-Header.h */,
			);
			path = iPodTestApp;
			sourceTree = "<group>";
		};
		07CF189A268FC8E900C43932 /* Preview Content */ = {
			isa = PBXGroup;
			children = (
				07CF189B268FC8E900C43932 /* Preview Assets.xcassets */,
			);
			path = "Preview Content";
			sourceTree = "<group>";
		};
		07CF18A4268FC8E900C43932 /* iPodTestAppTests */ = {
			isa = PBXGroup;
			children = (
				07CF18A5268FC8E900C43932 /* iPodTestAppTests.swift */,
			);
			path = iPodTestAppTests;
			sourceTree = "<group>";
		};
		07CF18AE268FC8E900C43932 /* iPodTestAppUITests */ = {
			isa = PBXGroup;
			children = (
				07CF18AF268FC8E900C43932 /* iPodTestAppUITests.swift */,
			);
			path = iPodTestAppUITests;
			sourceTree = "<group>";
		};
		07CF18BC268FC93700C43932 /* Frameworks */ = {
			isa = PBXGroup;
			children = (
				07F99D122693EDA6007840DF /* MediaPlayer.framework */,
				07E3A03F269393D30081C737 /* MusicKit.framework */,
			);
			name = Frameworks;
			sourceTree = "<group>";
		};
		07E3A0512693AE230081C737 /* Stolen Wheel Code */ = {
			isa = PBXGroup;
			children = (
				07E3A04D26939ACE0081C737 /* Ring.swift */,
				07E3A0352691E5050081C737 /* CGPoint+Conversion.swift */,
				07E3A0372691E52D0081C737 /* SpinnableViewModifier.swift */,
				07E3A0392691E5590081C737 /* Rotation.swift */,
			);
			path = "Stolen Wheel Code";
			sourceTree = "<group>";
		};
/* End PBXGroup section */

/* Begin PBXNativeTarget section */
		07CF1890268FC8E800C43932 /* iPodTestApp */ = {
			isa = PBXNativeTarget;
			buildConfigurationList = 07CF18B3268FC8E900C43932 /* Build configuration list for PBXNativeTarget "iPodTestApp" */;
			buildPhases = (
				07CF188D268FC8E800C43932 /* Sources */,
				07CF188E268FC8E800C43932 /* Frameworks */,
				07CF188F268FC8E800C43932 /* Resources */,
			);
			buildRules = (
			);
			dependencies = (
			);
			name = iPodTestApp;
			packageProductDependencies = (
				07E3A0532693D34E0081C737 /* Neumorphic */,
			);
			productName = iPodTestApp;
			productReference = 07CF1891268FC8E800C43932 /* iPodTestApp.app */;
			productType = "com.apple.product-type.application";
		};
		07CF18A0268FC8E900C43932 /* iPodTestAppTests */ = {
			isa = PBXNativeTarget;
			buildConfigurationList = 07CF18B6268FC8E900C43932 /* Build configuration list for PBXNativeTarget "iPodTestAppTests" */;
			buildPhases = (
				07CF189D268FC8E900C43932 /* Sources */,
				07CF189E268FC8E900C43932 /* Frameworks */,
				07CF189F268FC8E900C43932 /* Resources */,
			);
			buildRules = (
			);
			dependencies = (
				07CF18A3268FC8E900C43932 /* PBXTargetDependency */,
			);
			name = iPodTestAppTests;
			productName = iPodTestAppTests;
			productReference = 07CF18A1268FC8E900C43932 /* iPodTestAppTests.xctest */;
			productType = "com.apple.product-type.bundle.unit-test";
		};
		07CF18AA268FC8E900C43932 /* iPodTestAppUITests */ = {
			isa = PBXNativeTarget;
			buildConfigurationList = 07CF18B9268FC8E900C43932 /* Build configuration list for PBXNativeTarget "iPodTestAppUITests" */;
			buildPhases = (
				07CF18A7268FC8E900C43932 /* Sources */,
				07CF18A8268FC8E900C43932 /* Frameworks */,
				07CF18A9268FC8E900C43932 /* Resources */,
			);
			buildRules = (
			);
			dependencies = (
				07CF18AD268FC8E900C43932 /* PBXTargetDependency */,
			);
			name = iPodTestAppUITests;
			productName = iPodTestAppUITests;
			productReference = 07CF18AB268FC8E900C43932 /* iPodTestAppUITests.xctest */;
			productType = "com.apple.product-type.bundle.ui-testing";
		};
/* End PBXNativeTarget section */

/* Begin PBXProject section */
		07CF1889268FC8E800C43932 /* Project object */ = {
			isa = PBXProject;
			attributes = {
				BuildIndependentTargetsInParallel = 1;
				LastSwiftUpdateCheck = 1300;
				LastUpgradeCheck = 1300;
				TargetAttributes = {
					07CF1890268FC8E800C43932 = {
						CreatedOnToolsVersion = 13.0;
						LastSwiftMigration = 1300;
					};
					07CF18A0268FC8E900C43932 = {
						CreatedOnToolsVersion = 13.0;
						TestTargetID = 07CF1890268FC8E800C43932;
					};
					07CF18AA268FC8E900C43932 = {
						CreatedOnToolsVersion = 13.0;
						TestTargetID = 07CF1890268FC8E800C43932;
					};
				};
			};
			buildConfigurationList = 07CF188C268FC8E800C43932 /* Build configuration list for PBXProject "iPodTestApp" */;
			compatibilityVersion = "Xcode 13.0";
			developmentRegion = en;
			hasScannedForEncodings = 0;
			knownRegions = (
				en,
				Base,
			);
			mainGroup = 07CF1888268FC8E800C43932;
			packageReferences = (
				07E3A0522693D2A80081C737 /* XCRemoteSwiftPackageReference "neumorphic" */,
			);
			productRefGroup = 07CF1892268FC8E800C43932 /* Products */;
			projectDirPath = "";
			projectRoot = "";
			targets = (
				07CF1890268FC8E800C43932 /* iPodTestApp */,
				07CF18A0268FC8E900C43932 /* iPodTestAppTests */,
				07CF18AA268FC8E900C43932 /* iPodTestAppUITests */,
			);
		};
/* End PBXProject section */

/* Begin PBXResourcesBuildPhase section */
		07CF188F268FC8E800C43932 /* Resources */ = {
			isa = PBXResourcesBuildPhase;
			buildActionMask = 2147483647;
			files = (
				07AEAF3926B0EE7900600F99 /* key_press_click.m4a in Resources */,
				0746D4B52693E0E800B77F9E /* Chicago-Regular.ttf in Resources */,
				07CF189C268FC8E900C43932 /* Preview Assets.xcassets in Resources */,
				07CF1899268FC8E900C43932 /* Assets.xcassets in Resources */,
			);
			runOnlyForDeploymentPostprocessing = 0;
		};
		07CF189F268FC8E900C43932 /* Resources */ = {
			isa = PBXResourcesBuildPhase;
			buildActionMask = 2147483647;
			files = (
			);
			runOnlyForDeploymentPostprocessing = 0;
		};
		07CF18A9268FC8E900C43932 /* Resources */ = {
			isa = PBXResourcesBuildPhase;
			buildActionMask = 2147483647;
			files = (
			);
			runOnlyForDeploymentPostprocessing = 0;
		};
/* End PBXResourcesBuildPhase section */

/* Begin PBXSourcesBuildPhase section */
		07CF188D268FC8E800C43932 /* Sources */ = {
			isa = PBXSourcesBuildPhase;
			buildActionMask = 2147483647;
			files = (
				07CD01B626A8547900416F32 /* SettingsState.swift in Sources */,
				07C2594326B3869D0037E303 /* Border.swift in Sources */,
				07BE4C2026BF14C0003DAB64 /* Device.swift in Sources */,
				07C50F1426BBA59A000655F1 /* Stem.swift in Sources */,
				073AC07026BF065000ABA7CD /* SpotifyPlayground.swift in Sources */,
				07CD01B426A7811700416F32 /* QueryState.swift in Sources */,
				07E3A044269395970081C737 /* ControlButton.swift in Sources */,
				074516BE26AB8FF800D7C54E /* MusicManager.swift in Sources */,
				07CC1E4026C36E2600774A2C /* Mini.swift in Sources */,
				07E3A03D269373FB0081C737 /* Screen.swift in Sources */,
				07E3A0362691E5050081C737 /* CGPoint+Conversion.swift in Sources */,
				07C3EB2826B4A62F002120AA /* Diamond.swift in Sources */,
				07B4D60926A5C0BD002D7ADA /* Theme.swift in Sources */,
				07EB156026B0D109009595E5 /* AlbumList.swift in Sources */,
				07C103A42693F6050076C5B4 /* iPodCase.swift in Sources */,
				07CA318526CA9CDB00EBB747 /* SpotifyManager.swift in Sources */,
				076905B126A71591007568F4 /* MusicState.swift in Sources */,
				07E3A04A269399740081C737 /* Wheel.swift in Sources */,
				075C6C4D26AC5E3D002C4C25 /* SongState.swift in Sources */,
				07CF18C0268FD45400C43932 /* TopMenuBar.swift in Sources */,
				07CD01C426A861BD00416F32 /* MenuList.swift in Sources */,
				076905AC26A714B9007568F4 /* LocalState.swift in Sources */,
				07E3A0562693D5B20081C737 /* NeoView.swift in Sources */,
				076905AF26A71574007568F4 /* MenuState.swift in Sources */,
				07CF1897268FC8E800C43932 /* ContentView.swift in Sources */,
				07E3A048269398A10081C737 /* MenuCell.swift in Sources */,
				07CD01BE26A8610300416F32 /* MusicList.swift in Sources */,
				07EB155E26B0C600009595E5 /* ArtistState.swift in Sources */,
				0738A29026C1FFE600DD34CE /* TabContainerContentView.swift in Sources */,
				0746D4B92693E53600B77F9E /* Battery.swift in Sources */,
				076905B326A715C4007568F4 /* RowItem.swift in Sources */,
				07E3A0382691E52D0081C737 /* SpinnableViewModifier.swift in Sources */,
				076905A726A709EA007568F4 /* iPodTestAppApp.swift in Sources */,
				07D3080126AE0D9A00321BDA /* PlaybackBar.swift in Sources */,
				07E3A04E26939ACE0081C737 /* Ring.swift in Sources */,
				07E3A04C26939A680081C737 /* MusicView.swift in Sources */,
				07E3A046269397C80081C737 /* ControlBar.swift in Sources */,
				076905AA26A7146B007568F4 /* AppState.swift in Sources */,
				07CD01C026A8613F00416F32 /* SettingsList.swift in Sources */,
				07B4D60726A5B992002D7ADA /* Arrow.swift in Sources */,
				07EB156226B0D112009595E5 /* AlbumState.swift in Sources */,
				07EB155C26B0C5F4009595E5 /* ArtistList.swift in Sources */,
				07C50F0726BB596B000655F1 /* Bell.swift in Sources */,
				07E3A03A2691E5590081C737 /* Rotation.swift in Sources */,
				07CD01BA26A85D3800416F32 /* NowPlayingState.swift in Sources */,
				075C6C4B26AC5DBE002C4C25 /* SongList.swift in Sources */,
				0738A28E26C1FDDE00DD34CE /* PagingViewPlayground.swift in Sources */,
				07CD01C226A8619200416F32 /* QueryList.swift in Sources */,
				0746D4B72693E17B00B77F9E /* FontTest.swift in Sources */,
				07CD01B826A857CC00416F32 /* NowPlaying.swift in Sources */,
				07D6399B269406DC0073E1AD /* GlowText.swift in Sources */,
			);
			runOnlyForDeploymentPostprocessing = 0;
		};
		07CF189D268FC8E900C43932 /* Sources */ = {
			isa = PBXSourcesBuildPhase;
			buildActionMask = 2147483647;
			files = (
				07CF18A6268FC8E900C43932 /* iPodTestAppTests.swift in Sources */,
			);
			runOnlyForDeploymentPostprocessing = 0;
		};
		07CF18A7268FC8E900C43932 /* Sources */ = {
			isa = PBXSourcesBuildPhase;
			buildActionMask = 2147483647;
			files = (
				07CF18B0268FC8E900C43932 /* iPodTestAppUITests.swift in Sources */,
			);
			runOnlyForDeploymentPostprocessing = 0;
		};
/* End PBXSourcesBuildPhase section */

/* Begin PBXTargetDependency section */
		07CF18A3268FC8E900C43932 /* PBXTargetDependency */ = {
			isa = PBXTargetDependency;
			target = 07CF1890268FC8E800C43932 /* iPodTestApp */;
			targetProxy = 07CF18A2268FC8E900C43932 /* PBXContainerItemProxy */;
		};
		07CF18AD268FC8E900C43932 /* PBXTargetDependency */ = {
			isa = PBXTargetDependency;
			target = 07CF1890268FC8E800C43932 /* iPodTestApp */;
			targetProxy = 07CF18AC268FC8E900C43932 /* PBXContainerItemProxy */;
		};
/* End PBXTargetDependency section */

/* Begin XCBuildConfiguration section */
		07CF18B1268FC8E900C43932 /* Debug */ = {
			isa = XCBuildConfiguration;
			buildSettings = {
				ALWAYS_SEARCH_USER_PATHS = NO;
				CLANG_ANALYZER_NONNULL = YES;
				CLANG_ANALYZER_NUMBER_OBJECT_CONVERSION = YES_AGGRESSIVE;
				CLANG_CXX_LANGUAGE_STANDARD = "gnu++14";
				CLANG_CXX_LIBRARY = "libc++";
				CLANG_ENABLE_MODULES = YES;
				CLANG_ENABLE_OBJC_ARC = YES;
				CLANG_ENABLE_OBJC_WEAK = YES;
				CLANG_WARN_BLOCK_CAPTURE_AUTORELEASING = YES;
				CLANG_WARN_BOOL_CONVERSION = YES;
				CLANG_WARN_COMMA = YES;
				CLANG_WARN_CONSTANT_CONVERSION = YES;
				CLANG_WARN_DEPRECATED_OBJC_IMPLEMENTATIONS = YES;
				CLANG_WARN_DIRECT_OBJC_ISA_USAGE = YES_ERROR;
				CLANG_WARN_DOCUMENTATION_COMMENTS = YES;
				CLANG_WARN_EMPTY_BODY = YES;
				CLANG_WARN_ENUM_CONVERSION = YES;
				CLANG_WARN_INFINITE_RECURSION = YES;
				CLANG_WARN_INT_CONVERSION = YES;
				CLANG_WARN_NON_LITERAL_NULL_CONVERSION = YES;
				CLANG_WARN_OBJC_IMPLICIT_RETAIN_SELF = YES;
				CLANG_WARN_OBJC_LITERAL_CONVERSION = YES;
				CLANG_WARN_OBJC_ROOT_CLASS = YES_ERROR;
				CLANG_WARN_QUOTED_INCLUDE_IN_FRAMEWORK_HEADER = YES;
				CLANG_WARN_RANGE_LOOP_ANALYSIS = YES;
				CLANG_WARN_STRICT_PROTOTYPES = YES;
				CLANG_WARN_SUSPICIOUS_MOVE = YES;
				CLANG_WARN_UNGUARDED_AVAILABILITY = YES_AGGRESSIVE;
				CLANG_WARN_UNREACHABLE_CODE = YES;
				CLANG_WARN__DUPLICATE_METHOD_MATCH = YES;
				COPY_PHASE_STRIP = NO;
				DEBUG_INFORMATION_FORMAT = dwarf;
				ENABLE_STRICT_OBJC_MSGSEND = YES;
				ENABLE_TESTABILITY = YES;
				GCC_C_LANGUAGE_STANDARD = gnu11;
				GCC_DYNAMIC_NO_PIC = NO;
				GCC_NO_COMMON_BLOCKS = YES;
				GCC_OPTIMIZATION_LEVEL = 0;
				GCC_PREPROCESSOR_DEFINITIONS = (
					"DEBUG=1",
					"$(inherited)",
				);
				GCC_WARN_64_TO_32_BIT_CONVERSION = YES;
				GCC_WARN_ABOUT_RETURN_TYPE = YES_ERROR;
				GCC_WARN_UNDECLARED_SELECTOR = YES;
				GCC_WARN_UNINITIALIZED_AUTOS = YES_AGGRESSIVE;
				GCC_WARN_UNUSED_FUNCTION = YES;
				GCC_WARN_UNUSED_VARIABLE = YES;
				IPHONEOS_DEPLOYMENT_TARGET = 15.0;
				MTL_ENABLE_DEBUG_INFO = INCLUDE_SOURCE;
				MTL_FAST_MATH = YES;
				ONLY_ACTIVE_ARCH = NO;
				SDKROOT = iphoneos;
				SWIFT_ACTIVE_COMPILATION_CONDITIONS = DEBUG;
				SWIFT_OPTIMIZATION_LEVEL = "-Onone";
				TARGETED_DEVICE_FAMILY = "1,2,6";
			};
			name = Debug;
		};
		07CF18B2268FC8E900C43932 /* Release */ = {
			isa = XCBuildConfiguration;
			buildSettings = {
				ALWAYS_SEARCH_USER_PATHS = NO;
				CLANG_ANALYZER_NONNULL = YES;
				CLANG_ANALYZER_NUMBER_OBJECT_CONVERSION = YES_AGGRESSIVE;
				CLANG_CXX_LANGUAGE_STANDARD = "gnu++14";
				CLANG_CXX_LIBRARY = "libc++";
				CLANG_ENABLE_MODULES = YES;
				CLANG_ENABLE_OBJC_ARC = YES;
				CLANG_ENABLE_OBJC_WEAK = YES;
				CLANG_WARN_BLOCK_CAPTURE_AUTORELEASING = YES;
				CLANG_WARN_BOOL_CONVERSION = YES;
				CLANG_WARN_COMMA = YES;
				CLANG_WARN_CONSTANT_CONVERSION = YES;
				CLANG_WARN_DEPRECATED_OBJC_IMPLEMENTATIONS = YES;
				CLANG_WARN_DIRECT_OBJC_ISA_USAGE = YES_ERROR;
				CLANG_WARN_DOCUMENTATION_COMMENTS = YES;
				CLANG_WARN_EMPTY_BODY = YES;
				CLANG_WARN_ENUM_CONVERSION = YES;
				CLANG_WARN_INFINITE_RECURSION = YES;
				CLANG_WARN_INT_CONVERSION = YES;
				CLANG_WARN_NON_LITERAL_NULL_CONVERSION = YES;
				CLANG_WARN_OBJC_IMPLICIT_RETAIN_SELF = YES;
				CLANG_WARN_OBJC_LITERAL_CONVERSION = YES;
				CLANG_WARN_OBJC_ROOT_CLASS = YES_ERROR;
				CLANG_WARN_QUOTED_INCLUDE_IN_FRAMEWORK_HEADER = YES;
				CLANG_WARN_RANGE_LOOP_ANALYSIS = YES;
				CLANG_WARN_STRICT_PROTOTYPES = YES;
				CLANG_WARN_SUSPICIOUS_MOVE = YES;
				CLANG_WARN_UNGUARDED_AVAILABILITY = YES_AGGRESSIVE;
				CLANG_WARN_UNREACHABLE_CODE = YES;
				CLANG_WARN__DUPLICATE_METHOD_MATCH = YES;
				COPY_PHASE_STRIP = NO;
				DEBUG_INFORMATION_FORMAT = "dwarf-with-dsym";
				ENABLE_NS_ASSERTIONS = NO;
				ENABLE_STRICT_OBJC_MSGSEND = YES;
				GCC_C_LANGUAGE_STANDARD = gnu11;
				GCC_NO_COMMON_BLOCKS = YES;
				GCC_WARN_64_TO_32_BIT_CONVERSION = YES;
				GCC_WARN_ABOUT_RETURN_TYPE = YES_ERROR;
				GCC_WARN_UNDECLARED_SELECTOR = YES;
				GCC_WARN_UNINITIALIZED_AUTOS = YES_AGGRESSIVE;
				GCC_WARN_UNUSED_FUNCTION = YES;
				GCC_WARN_UNUSED_VARIABLE = YES;
				IPHONEOS_DEPLOYMENT_TARGET = 15.0;
				MTL_ENABLE_DEBUG_INFO = NO;
				MTL_FAST_MATH = YES;
				ONLY_ACTIVE_ARCH = NO;
				SDKROOT = iphoneos;
				SWIFT_COMPILATION_MODE = wholemodule;
				SWIFT_OPTIMIZATION_LEVEL = "-O";
				TARGETED_DEVICE_FAMILY = "1,2,6";
				VALIDATE_PRODUCT = YES;
			};
			name = Release;
		};
		07CF18B4268FC8E900C43932 /* Debug */ = {
			isa = XCBuildConfiguration;
			buildSettings = {
				ASSETCATALOG_COMPILER_APPICON_NAME = AppIcon;
				ASSETCATALOG_COMPILER_GLOBAL_ACCENT_COLOR_NAME = AccentColor;
				CLANG_ENABLE_MODULES = YES;
				CODE_SIGN_ENTITLEMENTS = iPodTestApp/iPodTestApp.entitlements;
				CODE_SIGN_STYLE = Automatic;
				CURRENT_PROJECT_VERSION = 1;
				DEVELOPMENT_ASSET_PATHS = "\"iPodTestApp/Preview Content\"";
				DEVELOPMENT_TEAM = KW8RLKUW3C;
				ENABLE_PREVIEWS = YES;
				FRAMEWORK_SEARCH_PATHS = (
					"$(inherited)",
					"$(PROJECT_DIR)",
				);
				GENERATE_INFOPLIST_FILE = YES;
				INFOPLIST_FILE = iPodTestApp/Info.plist;
				INFOPLIST_KEY_CFBundleExecutable = iPodTestApp;
				INFOPLIST_KEY_CFBundleName = iPodTestApp;
				INFOPLIST_KEY_CFBundleVersion = 1;
				INFOPLIST_KEY_UIApplicationSceneManifest_Generation = YES;
				INFOPLIST_KEY_UIApplicationSupportsIndirectInputEvents = YES;
				INFOPLIST_KEY_UILaunchScreen_Generation = YES;
				INFOPLIST_KEY_UISupportedInterfaceOrientations_iPad = "UIInterfaceOrientationPortrait UIInterfaceOrientationPortraitUpsideDown UIInterfaceOrientationLandscapeLeft UIInterfaceOrientationLandscapeRight";
				INFOPLIST_KEY_UISupportedInterfaceOrientations_iPhone = "UIInterfaceOrientationPortrait UIInterfaceOrientationLandscapeLeft UIInterfaceOrientationLandscapeRight";
				IPHONEOS_DEPLOYMENT_TARGET = 15.0;
				LD_RUNPATH_SEARCH_PATHS = (
					"$(inherited)",
					"@executable_path/Frameworks",
				);
				MARKETING_VERSION = 1.0;
				ONLY_ACTIVE_ARCH = YES;
				OTHER_LDFLAGS = "-ObjC";
				PRODUCT_BUNDLE_IDENTIFIER = com.gokid.tkc.iPodTestApp;
				PRODUCT_NAME = "$(TARGET_NAME)";
				SDKROOT = iphoneos;
				SUPPORTS_MACCATALYST = NO;
				SUPPORTS_MAC_DESIGNED_FOR_IPHONE_IPAD = NO;
				SWIFT_EMIT_LOC_STRINGS = YES;
				SWIFT_OBJC_BRIDGING_HEADER = "iPodTestApp/iPodTestApp-Bridging-Header.h";
				SWIFT_OPTIMIZATION_LEVEL = "-Onone";
				SWIFT_VERSION = 5.0;
				TARGETED_DEVICE_FAMILY = "1,2";
			};
			name = Debug;
		};
		07CF18B5268FC8E900C43932 /* Release */ = {
			isa = XCBuildConfiguration;
			buildSettings = {
				ASSETCATALOG_COMPILER_APPICON_NAME = AppIcon;
				ASSETCATALOG_COMPILER_GLOBAL_ACCENT_COLOR_NAME = AccentColor;
				CLANG_ENABLE_MODULES = YES;
				CODE_SIGN_ENTITLEMENTS = iPodTestApp/iPodTestApp.entitlements;
				CODE_SIGN_STYLE = Automatic;
				CURRENT_PROJECT_VERSION = 1;
				DEVELOPMENT_ASSET_PATHS = "\"iPodTestApp/Preview Content\"";
				DEVELOPMENT_TEAM = KW8RLKUW3C;
				ENABLE_PREVIEWS = YES;
				FRAMEWORK_SEARCH_PATHS = (
					"$(inherited)",
					"$(PROJECT_DIR)",
				);
				GENERATE_INFOPLIST_FILE = YES;
				INFOPLIST_FILE = iPodTestApp/Info.plist;
				INFOPLIST_KEY_CFBundleExecutable = iPodTestApp;
				INFOPLIST_KEY_CFBundleName = iPodTestApp;
				INFOPLIST_KEY_CFBundleVersion = 1;
				INFOPLIST_KEY_UIApplicationSceneManifest_Generation = YES;
				INFOPLIST_KEY_UIApplicationSupportsIndirectInputEvents = YES;
				INFOPLIST_KEY_UILaunchScreen_Generation = YES;
				INFOPLIST_KEY_UISupportedInterfaceOrientations_iPad = "UIInterfaceOrientationPortrait UIInterfaceOrientationPortraitUpsideDown UIInterfaceOrientationLandscapeLeft UIInterfaceOrientationLandscapeRight";
				INFOPLIST_KEY_UISupportedInterfaceOrientations_iPhone = "UIInterfaceOrientationPortrait UIInterfaceOrientationLandscapeLeft UIInterfaceOrientationLandscapeRight";
				IPHONEOS_DEPLOYMENT_TARGET = 15.0;
				LD_RUNPATH_SEARCH_PATHS = (
					"$(inherited)",
					"@executable_path/Frameworks",
				);
				MARKETING_VERSION = 1.0;
				ONLY_ACTIVE_ARCH = YES;
				OTHER_LDFLAGS = "-ObjC";
				PRODUCT_BUNDLE_IDENTIFIER = com.gokid.tkc.iPodTestApp;
				PRODUCT_NAME = "$(TARGET_NAME)";
				SDKROOT = iphoneos;
				SUPPORTS_MACCATALYST = NO;
				SUPPORTS_MAC_DESIGNED_FOR_IPHONE_IPAD = NO;
				SWIFT_EMIT_LOC_STRINGS = YES;
				SWIFT_OBJC_BRIDGING_HEADER = "iPodTestApp/iPodTestApp-Bridging-Header.h";
				SWIFT_VERSION = 5.0;
				TARGETED_DEVICE_FAMILY = "1,2";
			};
			name = Release;
		};
		07CF18B7268FC8E900C43932 /* Debug */ = {
			isa = XCBuildConfiguration;
			buildSettings = {
				ALWAYS_EMBED_SWIFT_STANDARD_LIBRARIES = YES;
				BUNDLE_LOADER = "$(TEST_HOST)";
				CODE_SIGN_STYLE = Automatic;
				CURRENT_PROJECT_VERSION = 1;
				DEVELOPMENT_TEAM = KW8RLKUW3C;
				GENERATE_INFOPLIST_FILE = YES;
				IPHONEOS_DEPLOYMENT_TARGET = 14.0;
				LD_RUNPATH_SEARCH_PATHS = (
					"$(inherited)",
					"@executable_path/Frameworks",
					"@loader_path/Frameworks",
				);
				MARKETING_VERSION = 1.0;
				PRODUCT_BUNDLE_IDENTIFIER = com.gokid.tkc.iPodTestAppTests;
				PRODUCT_NAME = "$(TARGET_NAME)";
				SDKROOT = iphoneos;
				SWIFT_EMIT_LOC_STRINGS = NO;
				SWIFT_VERSION = 5.0;
				TARGETED_DEVICE_FAMILY = "1,2";
				TEST_HOST = "$(BUILT_PRODUCTS_DIR)/iPodTestApp.app/iPodTestApp";
			};
			name = Debug;
		};
		07CF18B8268FC8E900C43932 /* Release */ = {
			isa = XCBuildConfiguration;
			buildSettings = {
				ALWAYS_EMBED_SWIFT_STANDARD_LIBRARIES = YES;
				BUNDLE_LOADER = "$(TEST_HOST)";
				CODE_SIGN_STYLE = Automatic;
				CURRENT_PROJECT_VERSION = 1;
				DEVELOPMENT_TEAM = KW8RLKUW3C;
				GENERATE_INFOPLIST_FILE = YES;
				IPHONEOS_DEPLOYMENT_TARGET = 14.0;
				LD_RUNPATH_SEARCH_PATHS = (
					"$(inherited)",
					"@executable_path/Frameworks",
					"@loader_path/Frameworks",
				);
				MARKETING_VERSION = 1.0;
				PRODUCT_BUNDLE_IDENTIFIER = com.gokid.tkc.iPodTestAppTests;
				PRODUCT_NAME = "$(TARGET_NAME)";
				SDKROOT = iphoneos;
				SWIFT_EMIT_LOC_STRINGS = NO;
				SWIFT_VERSION = 5.0;
				TARGETED_DEVICE_FAMILY = "1,2";
				TEST_HOST = "$(BUILT_PRODUCTS_DIR)/iPodTestApp.app/iPodTestApp";
			};
			name = Release;
		};
		07CF18BA268FC8E900C43932 /* Debug */ = {
			isa = XCBuildConfiguration;
			buildSettings = {
				ALWAYS_EMBED_SWIFT_STANDARD_LIBRARIES = YES;
				CODE_SIGN_STYLE = Automatic;
				CURRENT_PROJECT_VERSION = 1;
				DEVELOPMENT_TEAM = KW8RLKUW3C;
				GENERATE_INFOPLIST_FILE = YES;
				LD_RUNPATH_SEARCH_PATHS = (
					"$(inherited)",
					"@executable_path/Frameworks",
					"@loader_path/Frameworks",
				);
				MARKETING_VERSION = 1.0;
				PRODUCT_BUNDLE_IDENTIFIER = com.gokid.tkc.iPodTestAppUITests;
				PRODUCT_NAME = "$(TARGET_NAME)";
				SDKROOT = iphoneos;
				SWIFT_EMIT_LOC_STRINGS = NO;
				SWIFT_VERSION = 5.0;
				TARGETED_DEVICE_FAMILY = "1,2";
				TEST_TARGET_NAME = iPodTestApp;
			};
			name = Debug;
		};
		07CF18BB268FC8E900C43932 /* Release */ = {
			isa = XCBuildConfiguration;
			buildSettings = {
				ALWAYS_EMBED_SWIFT_STANDARD_LIBRARIES = YES;
				CODE_SIGN_STYLE = Automatic;
				CURRENT_PROJECT_VERSION = 1;
				DEVELOPMENT_TEAM = KW8RLKUW3C;
				GENERATE_INFOPLIST_FILE = YES;
				LD_RUNPATH_SEARCH_PATHS = (
					"$(inherited)",
					"@executable_path/Frameworks",
					"@loader_path/Frameworks",
				);
				MARKETING_VERSION = 1.0;
				PRODUCT_BUNDLE_IDENTIFIER = com.gokid.tkc.iPodTestAppUITests;
				PRODUCT_NAME = "$(TARGET_NAME)";
				SDKROOT = iphoneos;
				SWIFT_EMIT_LOC_STRINGS = NO;
				SWIFT_VERSION = 5.0;
				TARGETED_DEVICE_FAMILY = "1,2";
				TEST_TARGET_NAME = iPodTestApp;
			};
			name = Release;
		};
/* End XCBuildConfiguration section */

/* Begin XCConfigurationList section */
		07CF188C268FC8E800C43932 /* Build configuration list for PBXProject "iPodTestApp" */ = {
			isa = XCConfigurationList;
			buildConfigurations = (
				07CF18B1268FC8E900C43932 /* Debug */,
				07CF18B2268FC8E900C43932 /* Release */,
			);
			defaultConfigurationIsVisible = 0;
			defaultConfigurationName = Release;
		};
		07CF18B3268FC8E900C43932 /* Build configuration list for PBXNativeTarget "iPodTestApp" */ = {
			isa = XCConfigurationList;
			buildConfigurations = (
				07CF18B4268FC8E900C43932 /* Debug */,
				07CF18B5268FC8E900C43932 /* Release */,
			);
			defaultConfigurationIsVisible = 0;
			defaultConfigurationName = Release;
		};
		07CF18B6268FC8E900C43932 /* Build configuration list for PBXNativeTarget "iPodTestAppTests" */ = {
			isa = XCConfigurationList;
			buildConfigurations = (
				07CF18B7268FC8E900C43932 /* Debug */,
				07CF18B8268FC8E900C43932 /* Release */,
			);
			defaultConfigurationIsVisible = 0;
			defaultConfigurationName = Release;
		};
		07CF18B9268FC8E900C43932 /* Build configuration list for PBXNativeTarget "iPodTestAppUITests" */ = {
			isa = XCConfigurationList;
			buildConfigurations = (
				07CF18BA268FC8E900C43932 /* Debug */,
				07CF18BB268FC8E900C43932 /* Release */,
			);
			defaultConfigurationIsVisible = 0;
			defaultConfigurationName = Release;
		};
/* End XCConfigurationList section */

/* Begin XCRemoteSwiftPackageReference section */
		07E3A0522693D2A80081C737 /* XCRemoteSwiftPackageReference "neumorphic" */ = {
			isa = XCRemoteSwiftPackageReference;
			repositoryURL = "https://github.com/costachung/neumorphic/";
			requirement = {
				kind = upToNextMajorVersion;
				minimumVersion = 2.0.0;
			};
		};
/* End XCRemoteSwiftPackageReference section */

/* Begin XCSwiftPackageProductDependency section */
		07E3A0532693D34E0081C737 /* Neumorphic */ = {
			isa = XCSwiftPackageProductDependency;
			package = 07E3A0522693D2A80081C737 /* XCRemoteSwiftPackageReference "neumorphic" */;
			productName = Neumorphic;
		};
/* End XCSwiftPackageProductDependency section */
	};
	rootObject = 07CF1889268FC8E800C43932 /* Project object */;
}
